Microsoft Visual Studio Solution File, Format Version 11.00
# Visual Studio 2008

Project("{23219875-357B-2051-CE0A-90C857881AD1}") = "Prototype5", "Assembly-CSharp-firstpass-vs.csproj", "{A27F76D5-3961-982B-8338-841C836A4712}"
EndProject
Project("{23219875-357B-2051-CE0A-90C857881AD1}") = "Prototype5", "Assembly-CSharp-vs.csproj", "{6BF3FD73-8ABC-417B-525B-B3E476CAC282}"
EndProject
Global
	GlobalSection(SolutionConfigurationPlatforms) = preSolution
		Debug|Any CPU = Debug|Any CPU
		Release|Any CPU = Release|Any CPU
	EndGlobalSection
	GlobalSection(ProjectConfigurationPlatforms) = postSolution
		{A27F76D5-3961-982B-8338-841C836A4712}.Debug|Any CPU.ActiveCfg = Debug|Any CPU
		{A27F76D5-3961-982B-8338-841C836A4712}.Debug|Any CPU.Build.0 = Debug|Any CPU
		{A27F76D5-3961-982B-8338-841C836A4712}.Release|Any CPU.ActiveCfg = Release|Any CPU
		{A27F76D5-3961-982B-8338-841C836A4712}.Release|Any CPU.Build.0 = Release|Any CPU
		{6BF3FD73-8ABC-417B-525B-B3E476CAC282}.Debug|Any CPU.ActiveCfg = Debug|Any CPU
		{6BF3FD73-8ABC-417B-525B-B3E476CAC282}.Debug|Any CPU.Build.0 = Debug|Any CPU
		{6BF3FD73-8ABC-417B-525B-B3E476CAC282}.Release|Any CPU.ActiveCfg = Release|Any CPU
		{6BF3FD73-8ABC-417B-525B-B3E476CAC282}.Release|Any CPU.Build.0 = Release|Any CPU
	EndGlobalSection
	GlobalSection(SolutionProperties) = preSolution
		HideSolutionNode = FALSE
	EndGlobalSection
																																																																																																																																							GlobalSection(MonoDevelopProperties) = preSolution
		StartupItem = Assembly-CSharp.csproj
		Policies = $0
		$0.TextStylePolicy = $1
		$1.inheritsSet = null
		$1.scope = text/x-csharp
		$0.CSharpFormattingPolicy = $2
		$2.inheritsSet = Mono
		$2.inheritsScope = text/x-csharp
		$2.scope = text/x-csharp
		$0.TextStylePolicy = $3
		$3.FileWidth = 120
		$3.TabWidth = 4
		$3.EolMarker = Unix
		$3.inheritsSet = Mono
		$3.inheritsScope = text/plain
		$3.scope = text/plain
	EndGlobalSection

EndGlobal
