Microsoft Visual Studio Solution File, Format Version 11.00
# Visual Studio 2008

Project("{E6EC6097-0211-5536-61CB-7F6360DB3C06}") = "Prototype2", "Assembly-CSharp-firstpass.csproj", "{F5517153-EDEB-8B49-CE75-5DEBE506F912}"
EndProject
Project("{E6EC6097-0211-5536-61CB-7F6360DB3C06}") = "Prototype2", "Assembly-CSharp.csproj", "{991D930B-35E1-0AA3-EC85-40639ADFE325}"
EndProject
Project("{E6EC6097-0211-5536-61CB-7F6360DB3C06}") = "Prototype2", "Assembly-UnityScript-firstpass.unityproj", "{8E193A78-F282-ABDD-D7D4-36C684A5631A}"
EndProject
Project("{E6EC6097-0211-5536-61CB-7F6360DB3C06}") = "Prototype2", "Assembly-UnityScript-Editor.unityproj", "{9DCBF089-68EF-5112-5658-58C69B1DE230}"
EndProject
Global
	GlobalSection(SolutionConfigurationPlatforms) = preSolution
		Debug|Any CPU = Debug|Any CPU
		Release|Any CPU = Release|Any CPU
	EndGlobalSection
	GlobalSection(ProjectConfigurationPlatforms) = postSolution
		{F5517153-EDEB-8B49-CE75-5DEBE506F912}.Debug|Any CPU.ActiveCfg = Debug|Any CPU
		{F5517153-EDEB-8B49-CE75-5DEBE506F912}.Debug|Any CPU.Build.0 = Debug|Any CPU
		{F5517153-EDEB-8B49-CE75-5DEBE506F912}.Release|Any CPU.ActiveCfg = Release|Any CPU
		{F5517153-EDEB-8B49-CE75-5DEBE506F912}.Release|Any CPU.Build.0 = Release|Any CPU
		{991D930B-35E1-0AA3-EC85-40639ADFE325}.Debug|Any CPU.ActiveCfg = Debug|Any CPU
		{991D930B-35E1-0AA3-EC85-40639ADFE325}.Debug|Any CPU.Build.0 = Debug|Any CPU
		{991D930B-35E1-0AA3-EC85-40639ADFE325}.Release|Any CPU.ActiveCfg = Release|Any CPU
		{991D930B-35E1-0AA3-EC85-40639ADFE325}.Release|Any CPU.Build.0 = Release|Any CPU
		{8E193A78-F282-ABDD-D7D4-36C684A5631A}.Debug|Any CPU.ActiveCfg = Debug|Any CPU
		{8E193A78-F282-ABDD-D7D4-36C684A5631A}.Debug|Any CPU.Build.0 = Debug|Any CPU
		{8E193A78-F282-ABDD-D7D4-36C684A5631A}.Release|Any CPU.ActiveCfg = Release|Any CPU
		{8E193A78-F282-ABDD-D7D4-36C684A5631A}.Release|Any CPU.Build.0 = Release|Any CPU
		{9DCBF089-68EF-5112-5658-58C69B1DE230}.Debug|Any CPU.ActiveCfg = Debug|Any CPU
		{9DCBF089-68EF-5112-5658-58C69B1DE230}.Debug|Any CPU.Build.0 = Debug|Any CPU
		{9DCBF089-68EF-5112-5658-58C69B1DE230}.Release|Any CPU.ActiveCfg = Release|Any CPU
		{9DCBF089-68EF-5112-5658-58C69B1DE230}.Release|Any CPU.Build.0 = Release|Any CPU
	EndGlobalSection
	GlobalSection(SolutionProperties) = preSolution
		HideSolutionNode = FALSE
	EndGlobalSection
																																															GlobalSection(MonoDevelopProperties) = preSolution
		StartupItem = Assembly-CSharp.csproj
		Policies = $0
		$0.TextStylePolicy = $1
		$1.inheritsSet = null
		$1.scope = text/x-csharp
		$0.CSharpFormattingPolicy = $2
		$2.inheritsSet = Mono
		$2.inheritsScope = text/x-csharp
		$2.scope = text/x-csharp
		$0.TextStylePolicy = $3
		$3.FileWidth = 120
		$3.TabWidth = 4
		$3.EolMarker = Unix
		$3.inheritsSet = Mono
		$3.inheritsScope = text/plain
		$3.scope = text/plain
	EndGlobalSection

EndGlobal
